// !$*UTF8*$!
{
	archiveVersion = 1;
	classes = {
	};
	objectVersion = 46;
	objects = {

/* Begin PBXBuildFile section */
		5BB304FC14FE02C500E8B919 /* UIKit.framework in Frameworks */ = {isa = PBXBuildFile; fileRef = 5BB304FB14FE02C500E8B919 /* UIKit.framework */; };
		5BB304FE14FE02C500E8B919 /* Foundation.framework in Frameworks */ = {isa = PBXBuildFile; fileRef = 5BB304FD14FE02C500E8B919 /* Foundation.framework */; };
		5BB3050014FE02C500E8B919 /* CoreGraphics.framework in Frameworks */ = {isa = PBXBuildFile; fileRef = 5BB304FF14FE02C500E8B919 /* CoreGraphics.framework */; };
		5BB3050614FE02C500E8B919 /* InfoPlist.strings in Resources */ = {isa = PBXBuildFile; fileRef = 5BB3050414FE02C500E8B919 /* InfoPlist.strings */; };
		5BB3050814FE02C500E8B919 /* main.m in Sources */ = {isa = PBXBuildFile; fileRef = 5BB3050714FE02C500E8B919 /* main.m */; };
		5BB3050C14FE02C500E8B919 /* AppDelegate.m in Sources */ = {isa = PBXBuildFile; fileRef = 5BB3050B14FE02C500E8B919 /* AppDelegate.m */; };
		5BB3050F14FE02C500E8B919 /* ViewController.m in Sources */ = {isa = PBXBuildFile; fileRef = 5BB3050E14FE02C500E8B919 /* ViewController.m */; };
		5BB3051214FE02C500E8B919 /* ViewController_iPhone.xib in Resources */ = {isa = PBXBuildFile; fileRef = 5BB3051014FE02C500E8B919 /* ViewController_iPhone.xib */; };
		5BB3051514FE02C500E8B919 /* ViewController_iPad.xib in Resources */ = {isa = PBXBuildFile; fileRef = 5BB3051314FE02C500E8B919 /* ViewController_iPad.xib */; };
		5BB3052114FE03E700E8B919 /* 57.png in Resources */ = {isa = PBXBuildFile; fileRef = 5BB3051C14FE03E700E8B919 /* 57.png */; };
		5BB3052214FE03E700E8B919 /* 72.png in Resources */ = {isa = PBXBuildFile; fileRef = 5BB3051D14FE03E700E8B919 /* 72.png */; };
		5BB3052314FE03E700E8B919 /* 114.png in Resources */ = {isa = PBXBuildFile; fileRef = 5BB3051E14FE03E700E8B919 /* 114.png */; };
		5BB3052414FE03E700E8B919 /* Default.png in Resources */ = {isa = PBXBuildFile; fileRef = 5BB3051F14FE03E700E8B919 /* Default.png */; };
		5BB3052514FE03E700E8B919 /* Default@2x.png in Resources */ = {isa = PBXBuildFile; fileRef = 5BB3052014FE03E700E8B919 /* Default@2x.png */; };
/* End PBXBuildFile section */

/* Begin PBXFileReference section */
		5BB304F714FE02C500E8B919 /* WalkMe.app */ = {isa = PBXFileReference; explicitFileType = wrapper.application; includeInIndex = 0; path = WalkMe.app; sourceTree = BUILT_PRODUCTS_DIR; };
		5BB304FB14FE02C500E8B919 /* UIKit.framework */ = {isa = PBXFileReference; lastKnownFileType = wrapper.framework; name = UIKit.framework; path = System/Library/Frameworks/UIKit.framework; sourceTree = SDKROOT; };
		5BB304FD14FE02C500E8B919 /* Foundation.framework */ = {isa = PBXFileReference; lastKnownFileType = wrapper.framework; name = Foundation.framework; path = System/Library/Frameworks/Foundation.framework; sourceTree = SDKROOT; };
		5BB304FF14FE02C500E8B919 /* CoreGraphics.framework */ = {isa = PBXFileReference; lastKnownFileType = wrapper.framework; name = CoreGraphics.framework; path = System/Library/Frameworks/CoreGraphics.framework; sourceTree = SDKROOT; };
		5BB3050314FE02C500E8B919 /* WalkMe-Info.plist */ = {isa = PBXFileReference; lastKnownFileType = text.plist.xml; path = "WalkMe-Info.plist"; sourceTree = "<group>"; };
		5BB3050514FE02C500E8B919 /* en */ = {isa = PBXFileReference; lastKnownFileType = text.plist.strings; name = en; path = en.lproj/InfoPlist.strings; sourceTree = "<group>"; };
		5BB3050714FE02C500E8B919 /* main.m */ = {isa = PBXFileReference; lastKnownFileType = sourcecode.c.objc; path = main.m; sourceTree = "<group>"; };
		5BB3050914FE02C500E8B919 /* WalkMe-Prefix.pch */ = {isa = PBXFileReference; lastKnownFileType = sourcecode.c.h; path = "WalkMe-Prefix.pch"; sourceTree = "<group>"; };
		5BB3050A14FE02C500E8B919 /* AppDelegate.h */ = {isa = PBXFileReference; lastKnownFileType = sourcecode.c.h; path = AppDelegate.h; sourceTree = "<group>"; };
		5BB3050B14FE02C500E8B919 /* AppDelegate.m */ = {isa = PBXFileReference; lastKnownFileType = sourcecode.c.objc; path = AppDelegate.m; sourceTree = "<group>"; };
		5BB3050D14FE02C500E8B919 /* ViewController.h */ = {isa = PBXFileReference; lastKnownFileType = sourcecode.c.h; path = ViewController.h; sourceTree = "<group>"; };
		5BB3050E14FE02C500E8B919 /* ViewController.m */ = {isa = PBXFileReference; lastKnownFileType = sourcecode.c.objc; path = ViewController.m; sourceTree = "<group>"; };
		5BB3051114FE02C500E8B919 /* en */ = {isa = PBXFileReference; lastKnownFileType = file.xib; name = en; path = en.lproj/ViewController_iPhone.xib; sourceTree = "<group>"; };
		5BB3051414FE02C500E8B919 /* en */ = {isa = PBXFileReference; lastKnownFileType = file.xib; name = en; path = en.lproj/ViewController_iPad.xib; sourceTree = "<group>"; };
		5BB3051C14FE03E700E8B919 /* 57.png */ = {isa = PBXFileReference; lastKnownFileType = image.png; path = 57.png; sourceTree = "<group>"; };
		5BB3051D14FE03E700E8B919 /* 72.png */ = {isa = PBXFileReference; lastKnownFileType = image.png; path = 72.png; sourceTree = "<group>"; };
		5BB3051E14FE03E700E8B919 /* 114.png */ = {isa = PBXFileReference; lastKnownFileType = image.png; path = 114.png; sourceTree = "<group>"; };
		5BB3051F14FE03E700E8B919 /* Default.png */ = {isa = PBXFileReference; lastKnownFileType = image.png; path = Default.png; sourceTree = "<group>"; };
		5BB3052014FE03E700E8B919 /* Default@2x.png */ = {isa = PBXFileReference; lastKnownFileType = image.png; path = "Default@2x.png"; sourceTree = "<group>"; };
/* End PBXFileReference section */

/* Begin PBXFrameworksBuildPhase section */
		5BB304F414FE02C500E8B919 /* Frameworks */ = {
			isa = PBXFrameworksBuildPhase;
			buildActionMask = 2147483647;
			files = (
				5BB304FC14FE02C500E8B919 /* UIKit.framework in Frameworks */,
				5BB304FE14FE02C500E8B919 /* Foundation.framework in Frameworks */,
				5BB3050014FE02C500E8B919 /* CoreGraphics.framework in Frameworks */,
			);
			runOnlyForDeploymentPostprocessing = 0;
		};
/* End PBXFrameworksBuildPhase section */

/* Begin PBXGroup section */
		5BB304EC14FE02C500E8B919 = {
			isa = PBXGroup;
			children = (
				5BB3050114FE02C500E8B919 /* WalkMe */,
				5BB304FA14FE02C500E8B919 /* Frameworks */,
				5BB304F814FE02C500E8B919 /* Products */,
			);
			sourceTree = "<group>";
		};
		5BB304F814FE02C500E8B919 /* Products */ = {
			isa = PBXGroup;
			children = (
				5BB304F714FE02C500E8B919 /* WalkMe.app */,
			);
			name = Products;
			sourceTree = "<group>";
		};
		5BB304FA14FE02C500E8B919 /* Frameworks */ = {
			isa = PBXGroup;
			children = (
				5BB304FB14FE02C500E8B919 /* UIKit.framework */,
				5BB304FD14FE02C500E8B919 /* Foundation.framework */,
				5BB304FF14FE02C500E8B919 /* CoreGraphics.framework */,
			);
			name = Frameworks;
			sourceTree = "<group>";
		};
		5BB3050114FE02C500E8B919 /* WalkMe */ = {
			isa = PBXGroup;
			children = (
				5BB3051B14FE033D00E8B919 /* Assets */,
				5BB3050A14FE02C500E8B919 /* AppDelegate.h */,
				5BB3050B14FE02C500E8B919 /* AppDelegate.m */,
				5BB3050D14FE02C500E8B919 /* ViewController.h */,
				5BB3050E14FE02C500E8B919 /* ViewController.m */,
				5BB3051014FE02C500E8B919 /* ViewController_iPhone.xib */,
				5BB3051314FE02C500E8B919 /* ViewController_iPad.xib */,
				5BB3050214FE02C500E8B919 /* Supporting Files */,
			);
			path = WalkMe;
			sourceTree = "<group>";
		};
		5BB3050214FE02C500E8B919 /* Supporting Files */ = {
			isa = PBXGroup;
			children = (
				5BB3050314FE02C500E8B919 /* WalkMe-Info.plist */,
				5BB3050414FE02C500E8B919 /* InfoPlist.strings */,
				5BB3050714FE02C500E8B919 /* main.m */,
				5BB3050914FE02C500E8B919 /* WalkMe-Prefix.pch */,
			);
			name = "Supporting Files";
			sourceTree = "<group>";
		};
		5BB3051B14FE033D00E8B919 /* Assets */ = {
			isa = PBXGroup;
			children = (
				5BB3051C14FE03E700E8B919 /* 57.png */,
				5BB3051D14FE03E700E8B919 /* 72.png */,
				5BB3051E14FE03E700E8B919 /* 114.png */,
				5BB3051F14FE03E700E8B919 /* Default.png */,
				5BB3052014FE03E700E8B919 /* Default@2x.png */,
			);
			name = Assets;
			sourceTree = "<group>";
		};
/* End PBXGroup section */

/* Begin PBXNativeTarget section */
		5BB304F614FE02C500E8B919 /* WalkMe */ = {
			isa = PBXNativeTarget;
			buildConfigurationList = 5BB3051814FE02C500E8B919 /* Build configuration list for PBXNativeTarget "WalkMe" */;
			buildPhases = (
				5BB304F314FE02C500E8B919 /* Sources */,
				5BB304F414FE02C500E8B919 /* Frameworks */,
				5BB304F514FE02C500E8B919 /* Resources */,
			);
			buildRules = (
			);
			dependencies = (
			);
			name = WalkMe;
			productName = WalkMe;
			productReference = 5BB304F714FE02C500E8B919 /* WalkMe.app */;
			productType = "com.apple.product-type.application";
		};
/* End PBXNativeTarget section */

/* Begin PBXProject section */
		5BB304EE14FE02C500E8B919 /* Project object */ = {
			isa = PBXProject;
			attributes = {
				LastUpgradeCheck = 0420;
			};
			buildConfigurationList = 5BB304F114FE02C500E8B919 /* Build configuration list for PBXProject "WalkMe" */;
			compatibilityVersion = "Xcode 3.2";
			developmentRegion = English;
			hasScannedForEncodings = 0;
			knownRegions = (
				en,
			);
			mainGroup = 5BB304EC14FE02C500E8B919;
			productRefGroup = 5BB304F814FE02C500E8B919 /* Products */;
			projectDirPath = "";
			projectRoot = "";
			targets = (
				5BB304F614FE02C500E8B919 /* WalkMe */,
			);
		};
/* End PBXProject section */

/* Begin PBXResourcesBuildPhase section */
		5BB304F514FE02C500E8B919 /* Resources */ = {
			isa = PBXResourcesBuildPhase;
			buildActionMask = 2147483647;
			files = (
				5BB3050614FE02C500E8B919 /* InfoPlist.strings in Resources */,
				5BB3051214FE02C500E8B919 /* ViewController_iPhone.xib in Resources */,
				5BB3051514FE02C500E8B919 /* ViewController_iPad.xib in Resources */,
				5BB3052114FE03E700E8B919 /* 57.png in Resources */,
				5BB3052214FE03E700E8B919 /* 72.png in Resources */,
				5BB3052314FE03E700E8B919 /* 114.png in Resources */,
				5BB3052414FE03E700E8B919 /* Default.png in Resources */,
				5BB3052514FE03E700E8B919 /* Default@2x.png in Resources */,
			);
			runOnlyForDeploymentPostprocessing = 0;
		};
/* End PBXResourcesBuildPhase section */

/* Begin PBXSourcesBuildPhase section */
		5BB304F314FE02C500E8B919 /* Sources */ = {
			isa = PBXSourcesBuildPhase;
			buildActionMask = 2147483647;
			files = (
				5BB3050814FE02C500E8B919 /* main.m in Sources */,
				5BB3050C14FE02C500E8B919 /* AppDelegate.m in Sources */,
				5BB3050F14FE02C500E8B919 /* ViewController.m in Sources */,
			);
			runOnlyForDeploymentPostprocessing = 0;
		};
/* End PBXSourcesBuildPhase section */

/* Begin PBXVariantGroup section */
		5BB3050414FE02C500E8B919 /* InfoPlist.strings */ = {
			isa = PBXVariantGroup;
			children = (
				5BB3050514FE02C500E8B919 /* en */,
			);
			name = InfoPlist.strings;
			sourceTree = "<group>";
		};
		5BB3051014FE02C500E8B919 /* ViewController_iPhone.xib */ = {
			isa = PBXVariantGroup;
			children = (
				5BB3051114FE02C500E8B919 /* en */,
			);
			name = ViewController_iPhone.xib;
			sourceTree = "<group>";
		};
		5BB3051314FE02C500E8B919 /* ViewController_iPad.xib */ = {
			isa = PBXVariantGroup;
			children = (
				5BB3051414FE02C500E8B919 /* en */,
			);
			name = ViewController_iPad.xib;
			sourceTree = "<group>";
		};
/* End PBXVariantGroup section */

/* Begin XCBuildConfiguration section */
		5BB3051614FE02C500E8B919 /* Debug */ = {
			isa = XCBuildConfiguration;
			buildSettings = {
				ALWAYS_SEARCH_USER_PATHS = NO;
				ARCHS = "$(ARCHS_STANDARD_32_BIT)";
				CLANG_ENABLE_OBJC_ARC = YES;
				"CODE_SIGN_IDENTITY[sdk=iphoneos*]" = "iPhone Developer";
				COPY_PHASE_STRIP = NO;
				GCC_C_LANGUAGE_STANDARD = gnu99;
				GCC_DYNAMIC_NO_PIC = NO;
				GCC_OPTIMIZATION_LEVEL = 0;
				GCC_PREPROCESSOR_DEFINITIONS = (
					"DEBUG=1",
					"$(inherited)",
				);
				GCC_SYMBOLS_PRIVATE_EXTERN = NO;
				GCC_VERSION = com.apple.compilers.llvm.clang.1_0;
				GCC_WARN_ABOUT_MISSING_PROTOTYPES = YES;
				GCC_WARN_ABOUT_RETURN_TYPE = YES;
				GCC_WARN_UNUSED_VARIABLE = YES;
				IPHONEOS_DEPLOYMENT_TARGET = 5.0;
				SDKROOT = iphoneos;
				TARGETED_DEVICE_FAMILY = "1,2";
			};
			name = Debug;
		};
		5BB3051714FE02C500E8B919 /* Release */ = {
			isa = XCBuildConfiguration;
			buildSettings = {
				ALWAYS_SEARCH_USER_PATHS = NO;
				ARCHS = "$(ARCHS_STANDARD_32_BIT)";
				CLANG_ENABLE_OBJC_ARC = YES;
				"CODE_SIGN_IDENTITY[sdk=iphoneos*]" = "iPhone Developer";
				COPY_PHASE_STRIP = YES;
				GCC_C_LANGUAGE_STANDARD = gnu99;
				GCC_VERSION = com.apple.compilers.llvm.clang.1_0;
				GCC_WARN_ABOUT_MISSING_PROTOTYPES = YES;
				GCC_WARN_ABOUT_RETURN_TYPE = YES;
				GCC_WARN_UNUSED_VARIABLE = YES;
				IPHONEOS_DEPLOYMENT_TARGET = 5.0;
				OTHER_CFLAGS = "-DNS_BLOCK_ASSERTIONS=1";
				SDKROOT = iphoneos;
				TARGETED_DEVICE_FAMILY = "1,2";
				VALIDATE_PRODUCT = YES;
			};
			name = Release;
		};
		5BB3051914FE02C500E8B919 /* Debug */ = {
			isa = XCBuildConfiguration;
			buildSettings = {
				GCC_PRECOMPILE_PREFIX_HEADER = YES;
				GCC_PREFIX_HEADER = "WalkMe/WalkMe-Prefix.pch";
				INFOPLIST_FILE = "WalkMe/WalkMe-Info.plist";
				PRODUCT_NAME = "$(TARGET_NAME)";
				WRAPPER_EXTENSION = app;
			};
			name = Debug;
		};
		5BB3051A14FE02C500E8B919 /* Release */ = {
			isa = XCBuildConfiguration;
			buildSettings = {
				GCC_PRECOMPILE_PREFIX_HEADER = YES;
				GCC_PREFIX_HEADER = "WalkMe/WalkMe-Prefix.pch";
				INFOPLIST_FILE = "WalkMe/WalkMe-Info.plist";
				PRODUCT_NAME = "$(TARGET_NAME)";
				WRAPPER_EXTENSION = app;
			};
			name = Release;
		};
/* End XCBuildConfiguration section */

/* Begin XCConfigurationList section */
		5BB304F114FE02C500E8B919 /* Build configuration list for PBXProject "WalkMe" */ = {
			isa = XCConfigurationList;
			buildConfigurations = (
				5BB3051614FE02C500E8B919 /* Debug */,
				5BB3051714FE02C500E8B919 /* Release */,
			);
			defaultConfigurationIsVisible = 0;
			defaultConfigurationName = Release;
		};
		5BB3051814FE02C500E8B919 /* Build configuration list for PBXNativeTarget "WalkMe" */ = {
			isa = XCConfigurationList;
			buildConfigurations = (
				5BB3051914FE02C500E8B919 /* Debug */,
				5BB3051A14FE02C500E8B919 /* Release */,
			);
			defaultConfigurationIsVisible = 0;
		};
/* End XCConfigurationList section */
	};
	rootObject = 5BB304EE14FE02C500E8B919 /* Project object */;
}
